
Microsoft Visual Studio Solution File, Format Version 12.00
# Visual Studio Version 17
VisualStudioVersion = 17.6.33815.320
MinimumVisualStudioVersion = 10.0.40219.1
Project("{FAE04EC0-301F-11D3-BF4B-00C04F79EFBC}") = "MyAssignment", "MyAssignment.csproj", "{989B7F89-62B9-47BD-8439-4712A13C2546}"
EndProject
Global
	GlobalSection(SolutionConfigurationPlatforms) = preSolution
		Debug|Any CPU = Debug|Any CPU
		Release|Any CPU = Release|Any CPU
	EndGlobalSection
	GlobalSection(ProjectConfigurationPlatforms) = postSolution
		{989B7F89-62B9-47BD-8439-4712A13C2546}.Debug|Any CPU.ActiveCfg = Debug|Any CPU
		{989B7F89-62B9-47BD-8439-4712A13C2546}.Debug|Any CPU.Build.0 = Debug|Any CPU
		{989B7F89-62B9-47BD-8439-4712A13C2546}.Release|Any CPU.ActiveCfg = Release|Any CPU
		{989B7F89-62B9-47BD-8439-4712A13C2546}.Release|Any CPU.Build.0 = Release|Any CPU
	EndGlobalSection
	GlobalSection(SolutionProperties) = preSolution
		HideSolutionNode = FALSE
	EndGlobalSection
	GlobalSection(ExtensibilityGlobals) = postSolution
		SolutionGuid = {092F374E-1CFA-450B-B366-084108E9371C}
	EndGlobalSection
EndGlobal
